
Microsoft Visual Studio Solution File, Format Version 12.00
# Visual Studio Version 16
VisualStudioVersion = 16.0.30128.74
MinimumVisualStudioVersion = 10.0.40219.1
Project("{FAE04EC0-301F-11D3-BF4B-00C04F79EFBC}") = "Lab 3 Zenab, Fadi och Madeleine", "Lab 3 Zenab, Fadi och Madeleine\Lab 3 Zenab, Fadi och Madeleine.csproj", "{F2B38F5B-E112-46BC-803C-8E14E32ED2A7}"
EndProject
Global
	GlobalSection(SolutionConfigurationPlatforms) = preSolution
		Debug|Any CPU = Debug|Any CPU
		Release|Any CPU = Release|Any CPU
	EndGlobalSection
	GlobalSection(ProjectConfigurationPlatforms) = postSolution
		{F2B38F5B-E112-46BC-803C-8E14E32ED2A7}.Debug|Any CPU.ActiveCfg = Debug|Any CPU
		{F2B38F5B-E112-46BC-803C-8E14E32ED2A7}.Debug|Any CPU.Build.0 = Debug|Any CPU
		{F2B38F5B-E112-46BC-803C-8E14E32ED2A7}.Release|Any CPU.ActiveCfg = Release|Any CPU
		{F2B38F5B-E112-46BC-803C-8E14E32ED2A7}.Release|Any CPU.Build.0 = Release|Any CPU
	EndGlobalSection
	GlobalSection(SolutionProperties) = preSolution
		HideSolutionNode = FALSE
	EndGlobalSection
	GlobalSection(ExtensibilityGlobals) = postSolution
		SolutionGuid = {F2FD9CBD-79EF-4D0C-BBBB-8577078071E8}
	EndGlobalSection
EndGlobal
